// !$*UTF8*$!
{
	archiveVersion = 1;
	classes = {
	};
	objectVersion = 56;
	objects = {

/* Begin PBXBuildFile section */
		4E8CAEC7295B0B60007502BA /* randuigApp.swift in Sources */ = {isa = PBXBuildFile; fileRef = 4E8CAEC6295B0B60007502BA /* randuigApp.swift */; };
		4E8CAEC9295B0B60007502BA /* ContentView.swift in Sources */ = {isa = PBXBuildFile; fileRef = 4E8CAEC8295B0B60007502BA /* ContentView.swift */; };
		4E8CAECB295B0B62007502BA /* Assets.xcassets in Resources */ = {isa = PBXBuildFile; fileRef = 4E8CAECA295B0B62007502BA /* Assets.xcassets */; };
		4E8CAECF295B0B62007502BA /* Preview Assets.xcassets in Resources */ = {isa = PBXBuildFile; fileRef = 4E8CAECE295B0B62007502BA /* Preview Assets.xcassets */; };
		4E8CAED9295B0B62007502BA /* randuigTests.swift in Sources */ = {isa = PBXBuildFile; fileRef = 4E8CAED8295B0B62007502BA /* randuigTests.swift */; };
		4E8CAEE3295B0B62007502BA /* randuigUITests.swift in Sources */ = {isa = PBXBuildFile; fileRef = 4E8CAEE2295B0B62007502BA /* randuigUITests.swift */; };
		4E8CAEE5295B0B62007502BA /* randuigUITestsLaunchTests.swift in Sources */ = {isa = PBXBuildFile; fileRef = 4E8CAEE4295B0B62007502BA /* randuigUITestsLaunchTests.swift */; };
/* End PBXBuildFile section */

/* Begin PBXContainerItemProxy section */
		4E8CAED5295B0B62007502BA /* PBXContainerItemProxy */ = {
			isa = PBXContainerItemProxy;
			containerPortal = 4E8CAEBB295B0B60007502BA /* Project object */;
			proxyType = 1;
			remoteGlobalIDString = 4E8CAEC2295B0B60007502BA;
			remoteInfo = randuig;
		};
		4E8CAEDF295B0B62007502BA /* PBXContainerItemProxy */ = {
			isa = PBXContainerItemProxy;
			containerPortal = 4E8CAEBB295B0B60007502BA /* Project object */;
			proxyType = 1;
			remoteGlobalIDString = 4E8CAEC2295B0B60007502BA;
			remoteInfo = randuig;
		};
/* End PBXContainerItemProxy section */

/* Begin PBXFileReference section */
		4E8CAEC3295B0B60007502BA /* randuig.app */ = {isa = PBXFileReference; explicitFileType = wrapper.application; includeInIndex = 0; path = randuig.app; sourceTree = BUILT_PRODUCTS_DIR; };
		4E8CAEC6295B0B60007502BA /* randuigApp.swift */ = {isa = PBXFileReference; lastKnownFileType = sourcecode.swift; path = randuigApp.swift; sourceTree = "<group>"; };
		4E8CAEC8295B0B60007502BA /* ContentView.swift */ = {isa = PBXFileReference; lastKnownFileType = sourcecode.swift; path = ContentView.swift; sourceTree = "<group>"; };
		4E8CAECA295B0B62007502BA /* Assets.xcassets */ = {isa = PBXFileReference; lastKnownFileType = folder.assetcatalog; path = Assets.xcassets; sourceTree = "<group>"; };
		4E8CAECC295B0B62007502BA /* randuig.entitlements */ = {isa = PBXFileReference; lastKnownFileType = text.plist.entitlements; path = randuig.entitlements; sourceTree = "<group>"; };
		4E8CAECE295B0B62007502BA /* Preview Assets.xcassets */ = {isa = PBXFileReference; lastKnownFileType = folder.assetcatalog; path = "Preview Assets.xcassets"; sourceTree = "<group>"; };
		4E8CAED4295B0B62007502BA /* randuigTests.xctest */ = {isa = PBXFileReference; explicitFileType = wrapper.cfbundle; includeInIndex = 0; path = randuigTests.xctest; sourceTree = BUILT_PRODUCTS_DIR; };
		4E8CAED8295B0B62007502BA /* randuigTests.swift */ = {isa = PBXFileReference; lastKnownFileType = sourcecode.swift; path = randuigTests.swift; sourceTree = "<group>"; };
		4E8CAEDE295B0B62007502BA /* randuigUITests.xctest */ = {isa = PBXFileReference; explicitFileType = wrapper.cfbundle; includeInIndex = 0; path = randuigUITests.xctest; sourceTree = BUILT_PRODUCTS_DIR; };
		4E8CAEE2295B0B62007502BA /* randuigUITests.swift */ = {isa = PBXFileReference; lastKnownFileType = sourcecode.swift; path = randuigUITests.swift; sourceTree = "<group>"; };
		4E8CAEE4295B0B62007502BA /* randuigUITestsLaunchTests.swift */ = {isa = PBXFileReference; lastKnownFileType = sourcecode.swift; path = randuigUITestsLaunchTests.swift; sourceTree = "<group>"; };
/* End PBXFileReference section */

/* Begin PBXFrameworksBuildPhase section */
		4E8CAEC0295B0B60007502BA /* Frameworks */ = {
			isa = PBXFrameworksBuildPhase;
			buildActionMask = 2147483647;
			files = (
			);
			runOnlyForDeploymentPostprocessing = 0;
		};
		4E8CAED1295B0B62007502BA /* Frameworks */ = {
			isa = PBXFrameworksBuildPhase;
			buildActionMask = 2147483647;
			files = (
			);
			runOnlyForDeploymentPostprocessing = 0;
		};
		4E8CAEDB295B0B62007502BA /* Frameworks */ = {
			isa = PBXFrameworksBuildPhase;
			buildActionMask = 2147483647;
			files = (
			);
			runOnlyForDeploymentPostprocessing = 0;
		};
/* End PBXFrameworksBuildPhase section */

/* Begin PBXGroup section */
		4E8CAEBA295B0B60007502BA = {
			isa = PBXGroup;
			children = (
				4E8CAEC5295B0B60007502BA /* randuig */,
				4E8CAED7295B0B62007502BA /* randuigTests */,
				4E8CAEE1295B0B62007502BA /* randuigUITests */,
				4E8CAEC4295B0B60007502BA /* Products */,
			);
			sourceTree = "<group>";
		};
		4E8CAEC4295B0B60007502BA /* Products */ = {
			isa = PBXGroup;
			children = (
				4E8CAEC3295B0B60007502BA /* randuig.app */,
				4E8CAED4295B0B62007502BA /* randuigTests.xctest */,
				4E8CAEDE295B0B62007502BA /* randuigUITests.xctest */,
			);
			name = Products;
			sourceTree = "<group>";
		};
		4E8CAEC5295B0B60007502BA /* randuig */ = {
			isa = PBXGroup;
			children = (
				4E8CAEC6295B0B60007502BA /* randuigApp.swift */,
				4E8CAEC8295B0B60007502BA /* ContentView.swift */,
				4E8CAECA295B0B62007502BA /* Assets.xcassets */,
				4E8CAECC295B0B62007502BA /* randuig.entitlements */,
				4E8CAECD295B0B62007502BA /* Preview Content */,
			);
			path = randuig;
			sourceTree = "<group>";
		};
		4E8CAECD295B0B62007502BA /* Preview Content */ = {
			isa = PBXGroup;
			children = (
				4E8CAECE295B0B62007502BA /* Preview Assets.xcassets */,
			);
			path = "Preview Content";
			sourceTree = "<group>";
		};
		4E8CAED7295B0B62007502BA /* randuigTests */ = {
			isa = PBXGroup;
			children = (
				4E8CAED8295B0B62007502BA /* randuigTests.swift */,
			);
			path = randuigTests;
			sourceTree = "<group>";
		};
		4E8CAEE1295B0B62007502BA /* randuigUITests */ = {
			isa = PBXGroup;
			children = (
				4E8CAEE2295B0B62007502BA /* randuigUITests.swift */,
				4E8CAEE4295B0B62007502BA /* randuigUITestsLaunchTests.swift */,
			);
			path = randuigUITests;
			sourceTree = "<group>";
		};
/* End PBXGroup section */

/* Begin PBXNativeTarget section */
		4E8CAEC2295B0B60007502BA /* randuig */ = {
			isa = PBXNativeTarget;
			buildConfigurationList = 4E8CAEE8295B0B62007502BA /* Build configuration list for PBXNativeTarget "randuig" */;
			buildPhases = (
				4E8CAEBF295B0B60007502BA /* Sources */,
				4E8CAEC0295B0B60007502BA /* Frameworks */,
				4E8CAEC1295B0B60007502BA /* Resources */,
			);
			buildRules = (
			);
			dependencies = (
			);
			name = randuig;
			productName = randuig;
			productReference = 4E8CAEC3295B0B60007502BA /* randuig.app */;
			productType = "com.apple.product-type.application";
		};
		4E8CAED3295B0B62007502BA /* randuigTests */ = {
			isa = PBXNativeTarget;
			buildConfigurationList = 4E8CAEEB295B0B62007502BA /* Build configuration list for PBXNativeTarget "randuigTests" */;
			buildPhases = (
				4E8CAED0295B0B62007502BA /* Sources */,
				4E8CAED1295B0B62007502BA /* Frameworks */,
				4E8CAED2295B0B62007502BA /* Resources */,
			);
			buildRules = (
			);
			dependencies = (
				4E8CAED6295B0B62007502BA /* PBXTargetDependency */,
			);
			name = randuigTests;
			productName = randuigTests;
			productReference = 4E8CAED4295B0B62007502BA /* randuigTests.xctest */;
			productType = "com.apple.product-type.bundle.unit-test";
		};
		4E8CAEDD295B0B62007502BA /* randuigUITests */ = {
			isa = PBXNativeTarget;
			buildConfigurationList = 4E8CAEEE295B0B62007502BA /* Build configuration list for PBXNativeTarget "randuigUITests" */;
			buildPhases = (
				4E8CAEDA295B0B62007502BA /* Sources */,
				4E8CAEDB295B0B62007502BA /* Frameworks */,
				4E8CAEDC295B0B62007502BA /* Resources */,
			);
			buildRules = (
			);
			dependencies = (
				4E8CAEE0295B0B62007502BA /* PBXTargetDependency */,
			);
			name = randuigUITests;
			productName = randuigUITests;
			productReference = 4E8CAEDE295B0B62007502BA /* randuigUITests.xctest */;
			productType = "com.apple.product-type.bundle.ui-testing";
		};
/* End PBXNativeTarget section */

/* Begin PBXProject section */
		4E8CAEBB295B0B60007502BA /* Project object */ = {
			isa = PBXProject;
			attributes = {
				BuildIndependentTargetsInParallel = 1;
				LastSwiftUpdateCheck = 1420;
				LastUpgradeCheck = 1420;
				TargetAttributes = {
					4E8CAEC2295B0B60007502BA = {
						CreatedOnToolsVersion = 14.2;
					};
					4E8CAED3295B0B62007502BA = {
						CreatedOnToolsVersion = 14.2;
						TestTargetID = 4E8CAEC2295B0B60007502BA;
					};
					4E8CAEDD295B0B62007502BA = {
						CreatedOnToolsVersion = 14.2;
						TestTargetID = 4E8CAEC2295B0B60007502BA;
					};
				};
			};
			buildConfigurationList = 4E8CAEBE295B0B60007502BA /* Build configuration list for PBXProject "randuig" */;
			compatibilityVersion = "Xcode 14.0";
			developmentRegion = en;
			hasScannedForEncodings = 0;
			knownRegions = (
				en,
				Base,
			);
			mainGroup = 4E8CAEBA295B0B60007502BA;
			productRefGroup = 4E8CAEC4295B0B60007502BA /* Products */;
			projectDirPath = "";
			projectRoot = "";
			targets = (
				4E8CAEC2295B0B60007502BA /* randuig */,
				4E8CAED3295B0B62007502BA /* randuigTests */,
				4E8CAEDD295B0B62007502BA /* randuigUITests */,
			);
		};
/* End PBXProject section */

/* Begin PBXResourcesBuildPhase section */
		4E8CAEC1295B0B60007502BA /* Resources */ = {
			isa = PBXResourcesBuildPhase;
			buildActionMask = 2147483647;
			files = (
				4E8CAECF295B0B62007502BA /* Preview Assets.xcassets in Resources */,
				4E8CAECB295B0B62007502BA /* Assets.xcassets in Resources */,
			);
			runOnlyForDeploymentPostprocessing = 0;
		};
		4E8CAED2295B0B62007502BA /* Resources */ = {
			isa = PBXResourcesBuildPhase;
			buildActionMask = 2147483647;
			files = (
			);
			runOnlyForDeploymentPostprocessing = 0;
		};
		4E8CAEDC295B0B62007502BA /* Resources */ = {
			isa = PBXResourcesBuildPhase;
			buildActionMask = 2147483647;
			files = (
			);
			runOnlyForDeploymentPostprocessing = 0;
		};
/* End PBXResourcesBuildPhase section */

/* Begin PBXSourcesBuildPhase section */
		4E8CAEBF295B0B60007502BA /* Sources */ = {
			isa = PBXSourcesBuildPhase;
			buildActionMask = 2147483647;
			files = (
				4E8CAEC9295B0B60007502BA /* ContentView.swift in Sources */,
				4E8CAEC7295B0B60007502BA /* randuigApp.swift in Sources */,
			);
			runOnlyForDeploymentPostprocessing = 0;
		};
		4E8CAED0295B0B62007502BA /* Sources */ = {
			isa = PBXSourcesBuildPhase;
			buildActionMask = 2147483647;
			files = (
				4E8CAED9295B0B62007502BA /* randuigTests.swift in Sources */,
			);
			runOnlyForDeploymentPostprocessing = 0;
		};
		4E8CAEDA295B0B62007502BA /* Sources */ = {
			isa = PBXSourcesBuildPhase;
			buildActionMask = 2147483647;
			files = (
				4E8CAEE3295B0B62007502BA /* randuigUITests.swift in Sources */,
				4E8CAEE5295B0B62007502BA /* randuigUITestsLaunchTests.swift in Sources */,
			);
			runOnlyForDeploymentPostprocessing = 0;
		};
/* End PBXSourcesBuildPhase section */

/* Begin PBXTargetDependency section */
		4E8CAED6295B0B62007502BA /* PBXTargetDependency */ = {
			isa = PBXTargetDependency;
			target = 4E8CAEC2295B0B60007502BA /* randuig */;
			targetProxy = 4E8CAED5295B0B62007502BA /* PBXContainerItemProxy */;
		};
		4E8CAEE0295B0B62007502BA /* PBXTargetDependency */ = {
			isa = PBXTargetDependency;
			target = 4E8CAEC2295B0B60007502BA /* randuig */;
			targetProxy = 4E8CAEDF295B0B62007502BA /* PBXContainerItemProxy */;
		};
/* End PBXTargetDependency section */

/* Begin XCBuildConfiguration section */
		4E8CAEE6295B0B62007502BA /* Debug */ = {
			isa = XCBuildConfiguration;
			buildSettings = {
				ALWAYS_SEARCH_USER_PATHS = NO;
				CLANG_ANALYZER_NONNULL = YES;
				CLANG_ANALYZER_NUMBER_OBJECT_CONVERSION = YES_AGGRESSIVE;
				CLANG_CXX_LANGUAGE_STANDARD = "gnu++20";
				CLANG_ENABLE_MODULES = YES;
				CLANG_ENABLE_OBJC_ARC = YES;
				CLANG_ENABLE_OBJC_WEAK = YES;
				CLANG_WARN_BLOCK_CAPTURE_AUTORELEASING = YES;
				CLANG_WARN_BOOL_CONVERSION = YES;
				CLANG_WARN_COMMA = YES;
				CLANG_WARN_CONSTANT_CONVERSION = YES;
				CLANG_WARN_DEPRECATED_OBJC_IMPLEMENTATIONS = YES;
				CLANG_WARN_DIRECT_OBJC_ISA_USAGE = YES_ERROR;
				CLANG_WARN_DOCUMENTATION_COMMENTS = YES;
				CLANG_WARN_EMPTY_BODY = YES;
				CLANG_WARN_ENUM_CONVERSION = YES;
				CLANG_WARN_INFINITE_RECURSION = YES;
				CLANG_WARN_INT_CONVERSION = YES;
				CLANG_WARN_NON_LITERAL_NULL_CONVERSION = YES;
				CLANG_WARN_OBJC_IMPLICIT_RETAIN_SELF = YES;
				CLANG_WARN_OBJC_LITERAL_CONVERSION = YES;
				CLANG_WARN_OBJC_ROOT_CLASS = YES_ERROR;
				CLANG_WARN_QUOTED_INCLUDE_IN_FRAMEWORK_HEADER = YES;
				CLANG_WARN_RANGE_LOOP_ANALYSIS = YES;
				CLANG_WARN_STRICT_PROTOTYPES = YES;
				CLANG_WARN_SUSPICIOUS_MOVE = YES;
				CLANG_WARN_UNGUARDED_AVAILABILITY = YES_AGGRESSIVE;
				CLANG_WARN_UNREACHABLE_CODE = YES;
				CLANG_WARN__DUPLICATE_METHOD_MATCH = YES;
				COPY_PHASE_STRIP = NO;
				DEBUG_INFORMATION_FORMAT = dwarf;
				ENABLE_STRICT_OBJC_MSGSEND = YES;
				ENABLE_TESTABILITY = YES;
				GCC_C_LANGUAGE_STANDARD = gnu11;
				GCC_DYNAMIC_NO_PIC = NO;
				GCC_NO_COMMON_BLOCKS = YES;
				GCC_OPTIMIZATION_LEVEL = 0;
				GCC_PREPROCESSOR_DEFINITIONS = (
					"DEBUG=1",
					"$(inherited)",
				);
				GCC_WARN_64_TO_32_BIT_CONVERSION = YES;
				GCC_WARN_ABOUT_RETURN_TYPE = YES_ERROR;
				GCC_WARN_UNDECLARED_SELECTOR = YES;
				GCC_WARN_UNINITIALIZED_AUTOS = YES_AGGRESSIVE;
				GCC_WARN_UNUSED_FUNCTION = YES;
				GCC_WARN_UNUSED_VARIABLE = YES;
				MTL_ENABLE_DEBUG_INFO = INCLUDE_SOURCE;
				MTL_FAST_MATH = YES;
				ONLY_ACTIVE_ARCH = YES;
				SWIFT_ACTIVE_COMPILATION_CONDITIONS = DEBUG;
				SWIFT_OPTIMIZATION_LEVEL = "-Onone";
			};
			name = Debug;
		};
		4E8CAEE7295B0B62007502BA /* Release */ = {
			isa = XCBuildConfiguration;
			buildSettings = {
				ALWAYS_SEARCH_USER_PATHS = NO;
				CLANG_ANALYZER_NONNULL = YES;
				CLANG_ANALYZER_NUMBER_OBJECT_CONVERSION = YES_AGGRESSIVE;
				CLANG_CXX_LANGUAGE_STANDARD = "gnu++20";
				CLANG_ENABLE_MODULES = YES;
				CLANG_ENABLE_OBJC_ARC = YES;
				CLANG_ENABLE_OBJC_WEAK = YES;
				CLANG_WARN_BLOCK_CAPTURE_AUTORELEASING = YES;
				CLANG_WARN_BOOL_CONVERSION = YES;
				CLANG_WARN_COMMA = YES;
				CLANG_WARN_CONSTANT_CONVERSION = YES;
				CLANG_WARN_DEPRECATED_OBJC_IMPLEMENTATIONS = YES;
				CLANG_WARN_DIRECT_OBJC_ISA_USAGE = YES_ERROR;
				CLANG_WARN_DOCUMENTATION_COMMENTS = YES;
				CLANG_WARN_EMPTY_BODY = YES;
				CLANG_WARN_ENUM_CONVERSION = YES;
				CLANG_WARN_INFINITE_RECURSION = YES;
				CLANG_WARN_INT_CONVERSION = YES;
				CLANG_WARN_NON_LITERAL_NULL_CONVERSION = YES;
				CLANG_WARN_OBJC_IMPLICIT_RETAIN_SELF = YES;
				CLANG_WARN_OBJC_LITERAL_CONVERSION = YES;
				CLANG_WARN_OBJC_ROOT_CLASS = YES_ERROR;
				CLANG_WARN_QUOTED_INCLUDE_IN_FRAMEWORK_HEADER = YES;
				CLANG_WARN_RANGE_LOOP_ANALYSIS = YES;
				CLANG_WARN_STRICT_PROTOTYPES = YES;
				CLANG_WARN_SUSPICIOUS_MOVE = YES;
				CLANG_WARN_UNGUARDED_AVAILABILITY = YES_AGGRESSIVE;
				CLANG_WARN_UNREACHABLE_CODE = YES;
				CLANG_WARN__DUPLICATE_METHOD_MATCH = YES;
				COPY_PHASE_STRIP = NO;
				DEBUG_INFORMATION_FORMAT = "dwarf-with-dsym";
				ENABLE_NS_ASSERTIONS = NO;
				ENABLE_STRICT_OBJC_MSGSEND = YES;
				GCC_C_LANGUAGE_STANDARD = gnu11;
				GCC_NO_COMMON_BLOCKS = YES;
				GCC_WARN_64_TO_32_BIT_CONVERSION = YES;
				GCC_WARN_ABOUT_RETURN_TYPE = YES_ERROR;
				GCC_WARN_UNDECLARED_SELECTOR = YES;
				GCC_WARN_UNINITIALIZED_AUTOS = YES_AGGRESSIVE;
				GCC_WARN_UNUSED_FUNCTION = YES;
				GCC_WARN_UNUSED_VARIABLE = YES;
				MTL_ENABLE_DEBUG_INFO = NO;
				MTL_FAST_MATH = YES;
				SWIFT_COMPILATION_MODE = wholemodule;
				SWIFT_OPTIMIZATION_LEVEL = "-O";
			};
			name = Release;
		};
		4E8CAEE9295B0B62007502BA /* Debug */ = {
			isa = XCBuildConfiguration;
			buildSettings = {
				ASSETCATALOG_COMPILER_APPICON_NAME = AppIcon;
				ASSETCATALOG_COMPILER_GLOBAL_ACCENT_COLOR_NAME = AccentColor;
				CODE_SIGN_ENTITLEMENTS = randuig/randuig.entitlements;
				CODE_SIGN_STYLE = Automatic;
				CURRENT_PROJECT_VERSION = 1;
				DEVELOPMENT_ASSET_PATHS = "\"randuig/Preview Content\"";
				ENABLE_PREVIEWS = YES;
				GENERATE_INFOPLIST_FILE = YES;
				"INFOPLIST_KEY_UIApplicationSceneManifest_Generation[sdk=iphoneos*]" = YES;
				"INFOPLIST_KEY_UIApplicationSceneManifest_Generation[sdk=iphonesimulator*]" = YES;
				"INFOPLIST_KEY_UIApplicationSupportsIndirectInputEvents[sdk=iphoneos*]" = YES;
				"INFOPLIST_KEY_UIApplicationSupportsIndirectInputEvents[sdk=iphonesimulator*]" = YES;
				"INFOPLIST_KEY_UILaunchScreen_Generation[sdk=iphoneos*]" = YES;
				"INFOPLIST_KEY_UILaunchScreen_Generation[sdk=iphonesimulator*]" = YES;
				"INFOPLIST_KEY_UIStatusBarStyle[sdk=iphoneos*]" = UIStatusBarStyleDefault;
				"INFOPLIST_KEY_UIStatusBarStyle[sdk=iphonesimulator*]" = UIStatusBarStyleDefault;
				INFOPLIST_KEY_UISupportedInterfaceOrientations_iPad = "UIInterfaceOrientationPortrait UIInterfaceOrientationPortraitUpsideDown UIInterfaceOrientationLandscapeLeft UIInterfaceOrientationLandscapeRight";
				INFOPLIST_KEY_UISupportedInterfaceOrientations_iPhone = "UIInterfaceOrientationPortrait UIInterfaceOrientationLandscapeLeft UIInterfaceOrientationLandscapeRight";
				IPHONEOS_DEPLOYMENT_TARGET = 16.2;
				LD_RUNPATH_SEARCH_PATHS = "@executable_path/Frameworks";
				"LD_RUNPATH_SEARCH_PATHS[sdk=macosx*]" = "@executable_path/../Frameworks";
				MACOSX_DEPLOYMENT_TARGET = 12.5;
				MARKETING_VERSION = 1.0;
				PRODUCT_BUNDLE_IDENTIFIER = personalProject.randuig;
				PRODUCT_NAME = "$(TARGET_NAME)";
				SDKROOT = auto;
				SUPPORTED_PLATFORMS = "iphoneos iphonesimulator macosx";
				SWIFT_EMIT_LOC_STRINGS = YES;
				SWIFT_VERSION = 5.0;
				TARGETED_DEVICE_FAMILY = "1,2";
			};
			name = Debug;
		};
		4E8CAEEA295B0B62007502BA /* Release */ = {
			isa = XCBuildConfiguration;
			buildSettings = {
				ASSETCATALOG_COMPILER_APPICON_NAME = AppIcon;
				ASSETCATALOG_COMPILER_GLOBAL_ACCENT_COLOR_NAME = AccentColor;
				CODE_SIGN_ENTITLEMENTS = randuig/randuig.entitlements;
				CODE_SIGN_STYLE = Automatic;
				CURRENT_PROJECT_VERSION = 1;
				DEVELOPMENT_ASSET_PATHS = "\"randuig/Preview Content\"";
				ENABLE_PREVIEWS = YES;
				GENERATE_INFOPLIST_FILE = YES;
				"INFOPLIST_KEY_UIApplicationSceneManifest_Generation[sdk=iphoneos*]" = YES;
				"INFOPLIST_KEY_UIApplicationSceneManifest_Generation[sdk=iphonesimulator*]" = YES;
				"INFOPLIST_KEY_UIApplicationSupportsIndirectInputEvents[sdk=iphoneos*]" = YES;
				"INFOPLIST_KEY_UIApplicationSupportsIndirectInputEvents[sdk=iphonesimulator*]" = YES;
				"INFOPLIST_KEY_UILaunchScreen_Generation[sdk=iphoneos*]" = YES;
				"INFOPLIST_KEY_UILaunchScreen_Generation[sdk=iphonesimulator*]" = YES;
				"INFOPLIST_KEY_UIStatusBarStyle[sdk=iphoneos*]" = UIStatusBarStyleDefault;
				"INFOPLIST_KEY_UIStatusBarStyle[sdk=iphonesimulator*]" = UIStatusBarStyleDefault;
				INFOPLIST_KEY_UISupportedInterfaceOrientations_iPad = "UIInterfaceOrientationPortrait UIInterfaceOrientationPortraitUpsideDown UIInterfaceOrientationLandscapeLeft UIInterfaceOrientationLandscapeRight";
				INFOPLIST_KEY_UISupportedInterfaceOrientations_iPhone = "UIInterfaceOrientationPortrait UIInterfaceOrientationLandscapeLeft UIInterfaceOrientationLandscapeRight";
				IPHONEOS_DEPLOYMENT_TARGET = 16.2;
				LD_RUNPATH_SEARCH_PATHS = "@executable_path/Frameworks";
				"LD_RUNPATH_SEARCH_PATHS[sdk=macosx*]" = "@executable_path/../Frameworks";
				MACOSX_DEPLOYMENT_TARGET = 12.5;
				MARKETING_VERSION = 1.0;
				PRODUCT_BUNDLE_IDENTIFIER = personalProject.randuig;
				PRODUCT_NAME = "$(TARGET_NAME)";
				SDKROOT = auto;
				SUPPORTED_PLATFORMS = "iphoneos iphonesimulator macosx";
				SWIFT_EMIT_LOC_STRINGS = YES;
				SWIFT_VERSION = 5.0;
				TARGETED_DEVICE_FAMILY = "1,2";
			};
			name = Release;
		};
		4E8CAEEC295B0B62007502BA /* Debug */ = {
			isa = XCBuildConfiguration;
			buildSettings = {
				ALWAYS_EMBED_SWIFT_STANDARD_LIBRARIES = YES;
				BUNDLE_LOADER = "$(TEST_HOST)";
				CODE_SIGN_STYLE = Automatic;
				CURRENT_PROJECT_VERSION = 1;
				GENERATE_INFOPLIST_FILE = YES;
				IPHONEOS_DEPLOYMENT_TARGET = 16.2;
				MACOSX_DEPLOYMENT_TARGET = 12.5;
				MARKETING_VERSION = 1.0;
				PRODUCT_BUNDLE_IDENTIFIER = personalProject.randuigTests;
				PRODUCT_NAME = "$(TARGET_NAME)";
				SDKROOT = auto;
				SUPPORTED_PLATFORMS = "iphoneos iphonesimulator macosx";
				SWIFT_EMIT_LOC_STRINGS = NO;
				SWIFT_VERSION = 5.0;
				TARGETED_DEVICE_FAMILY = "1,2";
				TEST_HOST = "$(BUILT_PRODUCTS_DIR)/randuig.app/$(BUNDLE_EXECUTABLE_FOLDER_PATH)/randuig";
			};
			name = Debug;
		};
		4E8CAEED295B0B62007502BA /* Release */ = {
			isa = XCBuildConfiguration;
			buildSettings = {
				ALWAYS_EMBED_SWIFT_STANDARD_LIBRARIES = YES;
				BUNDLE_LOADER = "$(TEST_HOST)";
				CODE_SIGN_STYLE = Automatic;
				CURRENT_PROJECT_VERSION = 1;
				GENERATE_INFOPLIST_FILE = YES;
				IPHONEOS_DEPLOYMENT_TARGET = 16.2;
				MACOSX_DEPLOYMENT_TARGET = 12.5;
				MARKETING_VERSION = 1.0;
				PRODUCT_BUNDLE_IDENTIFIER = personalProject.randuigTests;
				PRODUCT_NAME = "$(TARGET_NAME)";
				SDKROOT = auto;
				SUPPORTED_PLATFORMS = "iphoneos iphonesimulator macosx";
				SWIFT_EMIT_LOC_STRINGS = NO;
				SWIFT_VERSION = 5.0;
				TARGETED_DEVICE_FAMILY = "1,2";
				TEST_HOST = "$(BUILT_PRODUCTS_DIR)/randuig.app/$(BUNDLE_EXECUTABLE_FOLDER_PATH)/randuig";
			};
			name = Release;
		};
		4E8CAEEF295B0B62007502BA /* Debug */ = {
			isa = XCBuildConfiguration;
			buildSettings = {
				ALWAYS_EMBED_SWIFT_STANDARD_LIBRARIES = YES;
				CODE_SIGN_STYLE = Automatic;
				CURRENT_PROJECT_VERSION = 1;
				GENERATE_INFOPLIST_FILE = YES;
				IPHONEOS_DEPLOYMENT_TARGET = 16.2;
				MACOSX_DEPLOYMENT_TARGET = 12.5;
				MARKETING_VERSION = 1.0;
				PRODUCT_BUNDLE_IDENTIFIER = personalProject.randuigUITests;
				PRODUCT_NAME = "$(TARGET_NAME)";
				SDKROOT = auto;
				SUPPORTED_PLATFORMS = "iphoneos iphonesimulator macosx";
				SWIFT_EMIT_LOC_STRINGS = NO;
				SWIFT_VERSION = 5.0;
				TARGETED_DEVICE_FAMILY = "1,2";
				TEST_TARGET_NAME = randuig;
			};
			name = Debug;
		};
		4E8CAEF0295B0B62007502BA /* Release */ = {
			isa = XCBuildConfiguration;
			buildSettings = {
				ALWAYS_EMBED_SWIFT_STANDARD_LIBRARIES = YES;
				CODE_SIGN_STYLE = Automatic;
				CURRENT_PROJECT_VERSION = 1;
				GENERATE_INFOPLIST_FILE = YES;
				IPHONEOS_DEPLOYMENT_TARGET = 16.2;
				MACOSX_DEPLOYMENT_TARGET = 12.5;
				MARKETING_VERSION = 1.0;
				PRODUCT_BUNDLE_IDENTIFIER = personalProject.randuigUITests;
				PRODUCT_NAME = "$(TARGET_NAME)";
				SDKROOT = auto;
				SUPPORTED_PLATFORMS = "iphoneos iphonesimulator macosx";
				SWIFT_EMIT_LOC_STRINGS = NO;
				SWIFT_VERSION = 5.0;
				TARGETED_DEVICE_FAMILY = "1,2";
				TEST_TARGET_NAME = randuig;
			};
			name = Release;
		};
/* End XCBuildConfiguration section */

/* Begin XCConfigurationList section */
		4E8CAEBE295B0B60007502BA /* Build configuration list for PBXProject "randuig" */ = {
			isa = XCConfigurationList;
			buildConfigurations = (
				4E8CAEE6295B0B62007502BA /* Debug */,
				4E8CAEE7295B0B62007502BA /* Release */,
			);
			defaultConfigurationIsVisible = 0;
			defaultConfigurationName = Release;
		};
		4E8CAEE8295B0B62007502BA /* Build configuration list for PBXNativeTarget "randuig" */ = {
			isa = XCConfigurationList;
			buildConfigurations = (
				4E8CAEE9295B0B62007502BA /* Debug */,
				4E8CAEEA295B0B62007502BA /* Release */,
			);
			defaultConfigurationIsVisible = 0;
			defaultConfigurationName = Release;
		};
		4E8CAEEB295B0B62007502BA /* Build configuration list for PBXNativeTarget "randuigTests" */ = {
			isa = XCConfigurationList;
			buildConfigurations = (
				4E8CAEEC295B0B62007502BA /* Debug */,
				4E8CAEED295B0B62007502BA /* Release */,
			);
			defaultConfigurationIsVisible = 0;
			defaultConfigurationName = Release;
		};
		4E8CAEEE295B0B62007502BA /* Build configuration list for PBXNativeTarget "randuigUITests" */ = {
			isa = XCConfigurationList;
			buildConfigurations = (
				4E8CAEEF295B0B62007502BA /* Debug */,
				4E8CAEF0295B0B62007502BA /* Release */,
			);
			defaultConfigurationIsVisible = 0;
			defaultConfigurationName = Release;
		};
/* End XCConfigurationList section */
	};
	rootObject = 4E8CAEBB295B0B60007502BA /* Project object */;
}
